
Microsoft Visual Studio Solution File, Format Version 11.00
# Visual Studio 2010
Project("{FAE04EC0-301F-11D3-BF4B-00C04F79EFBC}") = "SqlBackup", "SqlBackup\SqlBackup.csproj", "{4AA7F0B1-51B3-4CD2-9AA0-4993CA3F9B89}"
EndProject
Global
	GlobalSection(SolutionConfigurationPlatforms) = preSolution
		Debug|x86 = Debug|x86
		Release|x86 = Release|x86
	EndGlobalSection
	GlobalSection(ProjectConfigurationPlatforms) = postSolution
		{4AA7F0B1-51B3-4CD2-9AA0-4993CA3F9B89}.Debug|x86.ActiveCfg = Debug|x86
		{4AA7F0B1-51B3-4CD2-9AA0-4993CA3F9B89}.Debug|x86.Build.0 = Debug|x86
		{4AA7F0B1-51B3-4CD2-9AA0-4993CA3F9B89}.Release|x86.ActiveCfg = Release|x86
		{4AA7F0B1-51B3-4CD2-9AA0-4993CA3F9B89}.Release|x86.Build.0 = Release|x86
	EndGlobalSection
	GlobalSection(SolutionProperties) = preSolution
		HideSolutionNode = FALSE
	EndGlobalSection
EndGlobal
